
Microsoft Visual Studio Solution File, Format Version 12.00
# Visual Studio Version 16
VisualStudioVersion = 16.0.30114.105
MinimumVisualStudioVersion = 10.0.40219.1
Project("{FAE04EC0-301F-11D3-BF4B-00C04F79EFBC}") = "Lab5_Sokolova_Mediator", "Lab5_Sokolova_Mediator.csproj", "{931FF84F-E3D3-4930-B51D-C4C62ADBD450}"
EndProject
Global
	GlobalSection(SolutionConfigurationPlatforms) = preSolution
		Debug|Any CPU = Debug|Any CPU
		Release|Any CPU = Release|Any CPU
	EndGlobalSection
	GlobalSection(ProjectConfigurationPlatforms) = postSolution
		{931FF84F-E3D3-4930-B51D-C4C62ADBD450}.Debug|Any CPU.ActiveCfg = Debug|Any CPU
		{931FF84F-E3D3-4930-B51D-C4C62ADBD450}.Debug|Any CPU.Build.0 = Debug|Any CPU
		{931FF84F-E3D3-4930-B51D-C4C62ADBD450}.Release|Any CPU.ActiveCfg = Release|Any CPU
		{931FF84F-E3D3-4930-B51D-C4C62ADBD450}.Release|Any CPU.Build.0 = Release|Any CPU
	EndGlobalSection
	GlobalSection(SolutionProperties) = preSolution
		HideSolutionNode = FALSE
	EndGlobalSection
	GlobalSection(ExtensibilityGlobals) = postSolution
		SolutionGuid = {5188177D-1864-43A4-8B1A-060D3B99781D}
	EndGlobalSection
EndGlobal
